
Microsoft Visual Studio Solution File, Format Version 12.00
# Visual Studio 15
VisualStudioVersion = 15.0.27703.1
MinimumVisualStudioVersion = 10.0.40219.1
Project("{FAE04EC0-301F-11D3-BF4B-00C04F79EFBC}") = "CRUD webpage", "CRUD webpage\CRUD webpage.csproj", "{5401D27B-A8B1-4646-B22B-8EC63DD3A2DD}"
EndProject
Global
	GlobalSection(SolutionConfigurationPlatforms) = preSolution
		Debug|Any CPU = Debug|Any CPU
		Release|Any CPU = Release|Any CPU
	EndGlobalSection
	GlobalSection(ProjectConfigurationPlatforms) = postSolution
		{5401D27B-A8B1-4646-B22B-8EC63DD3A2DD}.Debug|Any CPU.ActiveCfg = Debug|Any CPU
		{5401D27B-A8B1-4646-B22B-8EC63DD3A2DD}.Debug|Any CPU.Build.0 = Debug|Any CPU
		{5401D27B-A8B1-4646-B22B-8EC63DD3A2DD}.Release|Any CPU.ActiveCfg = Release|Any CPU
		{5401D27B-A8B1-4646-B22B-8EC63DD3A2DD}.Release|Any CPU.Build.0 = Release|Any CPU
	EndGlobalSection
	GlobalSection(SolutionProperties) = preSolution
		HideSolutionNode = FALSE
	EndGlobalSection
	GlobalSection(ExtensibilityGlobals) = postSolution
		SolutionGuid = {ABC57365-2B5F-46DA-AE31-796D9CA5B1D3}
	EndGlobalSection
EndGlobal
